
Microsoft Visual Studio Solution File, Format Version 12.00
# Visual Studio 15
VisualStudioVersion = 15.0.28307.1082
MinimumVisualStudioVersion = 10.0.40219.1
Project("{FAE04EC0-301F-11D3-BF4B-00C04F79EFBC}") = "CoreApp", "CoreApp\CoreApp.csproj", "{D338779B-B9D7-470A-9BF5-17DC2C3D8079}"
EndProject
Global
	GlobalSection(SolutionConfigurationPlatforms) = preSolution
		Debug|Any CPU = Debug|Any CPU
		Release|Any CPU = Release|Any CPU
	EndGlobalSection
	GlobalSection(ProjectConfigurationPlatforms) = postSolution
		{D338779B-B9D7-470A-9BF5-17DC2C3D8079}.Debug|Any CPU.ActiveCfg = Debug|Any CPU
		{D338779B-B9D7-470A-9BF5-17DC2C3D8079}.Debug|Any CPU.Build.0 = Debug|Any CPU
		{D338779B-B9D7-470A-9BF5-17DC2C3D8079}.Release|Any CPU.ActiveCfg = Release|Any CPU
		{D338779B-B9D7-470A-9BF5-17DC2C3D8079}.Release|Any CPU.Build.0 = Release|Any CPU
	EndGlobalSection
	GlobalSection(SolutionProperties) = preSolution
		HideSolutionNode = FALSE
	EndGlobalSection
	GlobalSection(ExtensibilityGlobals) = postSolution
		SolutionGuid = {E5D7C699-4550-4838-AA47-FDF77F0892F4}
	EndGlobalSection
EndGlobal
